// !$*UTF8*$!
{
	archiveVersion = 1;
	classes = {
	};
	objectVersion = 50;
	objects = {

/* Begin PBXBuildFile section */
		352657A621C8C48A00AFE4BA /* AppDelegate.swift in Sources */ = {isa = PBXBuildFile; fileRef = 352657A521C8C48A00AFE4BA /* AppDelegate.swift */; };
		352657A821C8C48B00AFE4BA /* ViewController.swift in Sources */ = {isa = PBXBuildFile; fileRef = 352657A721C8C48B00AFE4BA /* ViewController.swift */; };
		352657AB21C8C48B00AFE4BA /* Main.storyboard in Resources */ = {isa = PBXBuildFile; fileRef = 352657A921C8C48B00AFE4BA /* Main.storyboard */; };
		352657AD21C8C48D00AFE4BA /* Assets.xcassets in Resources */ = {isa = PBXBuildFile; fileRef = 352657AC21C8C48D00AFE4BA /* Assets.xcassets */; };
		352657B021C8C48D00AFE4BA /* LaunchScreen.storyboard in Resources */ = {isa = PBXBuildFile; fileRef = 352657AE21C8C48D00AFE4BA /* LaunchScreen.storyboard */; };
		352657BB21C8C48D00AFE4BA /* MultipleSectionDifferentDesignTests.swift in Sources */ = {isa = PBXBuildFile; fileRef = 352657BA21C8C48D00AFE4BA /* MultipleSectionDifferentDesignTests.swift */; };
/* End PBXBuildFile section */

/* Begin PBXContainerItemProxy section */
		352657B721C8C48D00AFE4BA /* PBXContainerItemProxy */ = {
			isa = PBXContainerItemProxy;
			containerPortal = 3526579A21C8C48A00AFE4BA /* Project object */;
			proxyType = 1;
			remoteGlobalIDString = 352657A121C8C48A00AFE4BA;
			remoteInfo = MultipleSectionDifferentDesign;
		};
/* End PBXContainerItemProxy section */

/* Begin PBXFileReference section */
		352657A221C8C48A00AFE4BA /* MultipleSectionDifferentDesign.app */ = {isa = PBXFileReference; explicitFileType = wrapper.application; includeInIndex = 0; path = MultipleSectionDifferentDesign.app; sourceTree = BUILT_PRODUCTS_DIR; };
		352657A521C8C48A00AFE4BA /* AppDelegate.swift */ = {isa = PBXFileReference; lastKnownFileType = sourcecode.swift; path = AppDelegate.swift; sourceTree = "<group>"; };
		352657A721C8C48B00AFE4BA /* ViewController.swift */ = {isa = PBXFileReference; lastKnownFileType = sourcecode.swift; path = ViewController.swift; sourceTree = "<group>"; };
		352657AA21C8C48B00AFE4BA /* Base */ = {isa = PBXFileReference; lastKnownFileType = file.storyboard; name = Base; path = Base.lproj/Main.storyboard; sourceTree = "<group>"; };
		352657AC21C8C48D00AFE4BA /* Assets.xcassets */ = {isa = PBXFileReference; lastKnownFileType = folder.assetcatalog; path = Assets.xcassets; sourceTree = "<group>"; };
		352657AF21C8C48D00AFE4BA /* Base */ = {isa = PBXFileReference; lastKnownFileType = file.storyboard; name = Base; path = Base.lproj/LaunchScreen.storyboard; sourceTree = "<group>"; };
		352657B121C8C48D00AFE4BA /* Info.plist */ = {isa = PBXFileReference; lastKnownFileType = text.plist.xml; path = Info.plist; sourceTree = "<group>"; };
		352657B621C8C48D00AFE4BA /* MultipleSectionDifferentDesignTests.xctest */ = {isa = PBXFileReference; explicitFileType = wrapper.cfbundle; includeInIndex = 0; path = MultipleSectionDifferentDesignTests.xctest; sourceTree = BUILT_PRODUCTS_DIR; };
		352657BA21C8C48D00AFE4BA /* MultipleSectionDifferentDesignTests.swift */ = {isa = PBXFileReference; lastKnownFileType = sourcecode.swift; path = MultipleSectionDifferentDesignTests.swift; sourceTree = "<group>"; };
		352657BC21C8C48D00AFE4BA /* Info.plist */ = {isa = PBXFileReference; lastKnownFileType = text.plist.xml; path = Info.plist; sourceTree = "<group>"; };
/* End PBXFileReference section */

/* Begin PBXFrameworksBuildPhase section */
		3526579F21C8C48A00AFE4BA /* Frameworks */ = {
			isa = PBXFrameworksBuildPhase;
			buildActionMask = 2147483647;
			files = (
			);
			runOnlyForDeploymentPostprocessing = 0;
		};
		352657B321C8C48D00AFE4BA /* Frameworks */ = {
			isa = PBXFrameworksBuildPhase;
			buildActionMask = 2147483647;
			files = (
			);
			runOnlyForDeploymentPostprocessing = 0;
		};
/* End PBXFrameworksBuildPhase section */

/* Begin PBXGroup section */
		3526579921C8C48A00AFE4BA = {
			isa = PBXGroup;
			children = (
				352657A421C8C48A00AFE4BA /* MultipleSectionDifferentDesign */,
				352657B921C8C48D00AFE4BA /* MultipleSectionDifferentDesignTests */,
				352657A321C8C48A00AFE4BA /* Products */,
			);
			sourceTree = "<group>";
		};
		352657A321C8C48A00AFE4BA /* Products */ = {
			isa = PBXGroup;
			children = (
				352657A221C8C48A00AFE4BA /* MultipleSectionDifferentDesign.app */,
				352657B621C8C48D00AFE4BA /* MultipleSectionDifferentDesignTests.xctest */,
			);
			name = Products;
			sourceTree = "<group>";
		};
		352657A421C8C48A00AFE4BA /* MultipleSectionDifferentDesign */ = {
			isa = PBXGroup;
			children = (
				352657A521C8C48A00AFE4BA /* AppDelegate.swift */,
				352657A721C8C48B00AFE4BA /* ViewController.swift */,
				352657A921C8C48B00AFE4BA /* Main.storyboard */,
				352657AC21C8C48D00AFE4BA /* Assets.xcassets */,
				352657AE21C8C48D00AFE4BA /* LaunchScreen.storyboard */,
				352657B121C8C48D00AFE4BA /* Info.plist */,
			);
			path = MultipleSectionDifferentDesign;
			sourceTree = "<group>";
		};
		352657B921C8C48D00AFE4BA /* MultipleSectionDifferentDesignTests */ = {
			isa = PBXGroup;
			children = (
				352657BA21C8C48D00AFE4BA /* MultipleSectionDifferentDesignTests.swift */,
				352657BC21C8C48D00AFE4BA /* Info.plist */,
			);
			path = MultipleSectionDifferentDesignTests;
			sourceTree = "<group>";
		};
/* End PBXGroup section */

/* Begin PBXNativeTarget section */
		352657A121C8C48A00AFE4BA /* MultipleSectionDifferentDesign */ = {
			isa = PBXNativeTarget;
			buildConfigurationList = 352657BF21C8C48D00AFE4BA /* Build configuration list for PBXNativeTarget "MultipleSectionDifferentDesign" */;
			buildPhases = (
				3526579E21C8C48A00AFE4BA /* Sources */,
				3526579F21C8C48A00AFE4BA /* Frameworks */,
				352657A021C8C48A00AFE4BA /* Resources */,
			);
			buildRules = (
			);
			dependencies = (
			);
			name = MultipleSectionDifferentDesign;
			productName = MultipleSectionDifferentDesign;
			productReference = 352657A221C8C48A00AFE4BA /* MultipleSectionDifferentDesign.app */;
			productType = "com.apple.product-type.application";
		};
		352657B521C8C48D00AFE4BA /* MultipleSectionDifferentDesignTests */ = {
			isa = PBXNativeTarget;
			buildConfigurationList = 352657C221C8C48D00AFE4BA /* Build configuration list for PBXNativeTarget "MultipleSectionDifferentDesignTests" */;
			buildPhases = (
				352657B221C8C48D00AFE4BA /* Sources */,
				352657B321C8C48D00AFE4BA /* Frameworks */,
				352657B421C8C48D00AFE4BA /* Resources */,
			);
			buildRules = (
			);
			dependencies = (
				352657B821C8C48D00AFE4BA /* PBXTargetDependency */,
			);
			name = MultipleSectionDifferentDesignTests;
			productName = MultipleSectionDifferentDesignTests;
			productReference = 352657B621C8C48D00AFE4BA /* MultipleSectionDifferentDesignTests.xctest */;
			productType = "com.apple.product-type.bundle.unit-test";
		};
/* End PBXNativeTarget section */

/* Begin PBXProject section */
		3526579A21C8C48A00AFE4BA /* Project object */ = {
			isa = PBXProject;
			attributes = {
				LastSwiftUpdateCheck = 1010;
				LastUpgradeCheck = 1010;
				ORGANIZATIONNAME = clarionTechnologies;
				TargetAttributes = {
					352657A121C8C48A00AFE4BA = {
						CreatedOnToolsVersion = 10.1;
					};
					352657B521C8C48D00AFE4BA = {
						CreatedOnToolsVersion = 10.1;
						TestTargetID = 352657A121C8C48A00AFE4BA;
					};
				};
			};
			buildConfigurationList = 3526579D21C8C48A00AFE4BA /* Build configuration list for PBXProject "MultipleSectionDifferentDesign" */;
			compatibilityVersion = "Xcode 9.3";
			developmentRegion = en;
			hasScannedForEncodings = 0;
			knownRegions = (
				en,
				Base,
			);
			mainGroup = 3526579921C8C48A00AFE4BA;
			productRefGroup = 352657A321C8C48A00AFE4BA /* Products */;
			projectDirPath = "";
			projectRoot = "";
			targets = (
				352657A121C8C48A00AFE4BA /* MultipleSectionDifferentDesign */,
				352657B521C8C48D00AFE4BA /* MultipleSectionDifferentDesignTests */,
			);
		};
/* End PBXProject section */

/* Begin PBXResourcesBuildPhase section */
		352657A021C8C48A00AFE4BA /* Resources */ = {
			isa = PBXResourcesBuildPhase;
			buildActionMask = 2147483647;
			files = (
				352657B021C8C48D00AFE4BA /* LaunchScreen.storyboard in Resources */,
				352657AD21C8C48D00AFE4BA /* Assets.xcassets in Resources */,
				352657AB21C8C48B00AFE4BA /* Main.storyboard in Resources */,
			);
			runOnlyForDeploymentPostprocessing = 0;
		};
		352657B421C8C48D00AFE4BA /* Resources */ = {
			isa = PBXResourcesBuildPhase;
			buildActionMask = 2147483647;
			files = (
			);
			runOnlyForDeploymentPostprocessing = 0;
		};
/* End PBXResourcesBuildPhase section */

/* Begin PBXSourcesBuildPhase section */
		3526579E21C8C48A00AFE4BA /* Sources */ = {
			isa = PBXSourcesBuildPhase;
			buildActionMask = 2147483647;
			files = (
				352657A821C8C48B00AFE4BA /* ViewController.swift in Sources */,
				352657A621C8C48A00AFE4BA /* AppDelegate.swift in Sources */,
			);
			runOnlyForDeploymentPostprocessing = 0;
		};
		352657B221C8C48D00AFE4BA /* Sources */ = {
			isa = PBXSourcesBuildPhase;
			buildActionMask = 2147483647;
			files = (
				352657BB21C8C48D00AFE4BA /* MultipleSectionDifferentDesignTests.swift in Sources */,
			);
			runOnlyForDeploymentPostprocessing = 0;
		};
/* End PBXSourcesBuildPhase section */

/* Begin PBXTargetDependency section */
		352657B821C8C48D00AFE4BA /* PBXTargetDependency */ = {
			isa = PBXTargetDependency;
			target = 352657A121C8C48A00AFE4BA /* MultipleSectionDifferentDesign */;
			targetProxy = 352657B721C8C48D00AFE4BA /* PBXContainerItemProxy */;
		};
/* End PBXTargetDependency section */

/* Begin PBXVariantGroup section */
		352657A921C8C48B00AFE4BA /* Main.storyboard */ = {
			isa = PBXVariantGroup;
			children = (
				352657AA21C8C48B00AFE4BA /* Base */,
			);
			name = Main.storyboard;
			sourceTree = "<group>";
		};
		352657AE21C8C48D00AFE4BA /* LaunchScreen.storyboard */ = {
			isa = PBXVariantGroup;
			children = (
				352657AF21C8C48D00AFE4BA /* Base */,
			);
			name = LaunchScreen.storyboard;
			sourceTree = "<group>";
		};
/* End PBXVariantGroup section */

/* Begin XCBuildConfiguration section */
		352657BD21C8C48D00AFE4BA /* Debug */ = {
			isa = XCBuildConfiguration;
			buildSettings = {
				ALWAYS_SEARCH_USER_PATHS = NO;
				CLANG_ANALYZER_NONNULL = YES;
				CLANG_ANALYZER_NUMBER_OBJECT_CONVERSION = YES_AGGRESSIVE;
				CLANG_CXX_LANGUAGE_STANDARD = "gnu++14";
				CLANG_CXX_LIBRARY = "libc++";
				CLANG_ENABLE_MODULES = YES;
				CLANG_ENABLE_OBJC_ARC = YES;
				CLANG_ENABLE_OBJC_WEAK = YES;
				CLANG_WARN_BLOCK_CAPTURE_AUTORELEASING = YES;
				CLANG_WARN_BOOL_CONVERSION = YES;
				CLANG_WARN_COMMA = YES;
				CLANG_WARN_CONSTANT_CONVERSION = YES;
				CLANG_WARN_DEPRECATED_OBJC_IMPLEMENTATIONS = YES;
				CLANG_WARN_DIRECT_OBJC_ISA_USAGE = YES_ERROR;
				CLANG_WARN_DOCUMENTATION_COMMENTS = YES;
				CLANG_WARN_EMPTY_BODY = YES;
				CLANG_WARN_ENUM_CONVERSION = YES;
				CLANG_WARN_INFINITE_RECURSION = YES;
				CLANG_WARN_INT_CONVERSION = YES;
				CLANG_WARN_NON_LITERAL_NULL_CONVERSION = YES;
				CLANG_WARN_OBJC_IMPLICIT_RETAIN_SELF = YES;
				CLANG_WARN_OBJC_LITERAL_CONVERSION = YES;
				CLANG_WARN_OBJC_ROOT_CLASS = YES_ERROR;
				CLANG_WARN_RANGE_LOOP_ANALYSIS = YES;
				CLANG_WARN_STRICT_PROTOTYPES = YES;
				CLANG_WARN_SUSPICIOUS_MOVE = YES;
				CLANG_WARN_UNGUARDED_AVAILABILITY = YES_AGGRESSIVE;
				CLANG_WARN_UNREACHABLE_CODE = YES;
				CLANG_WARN__DUPLICATE_METHOD_MATCH = YES;
				CODE_SIGN_IDENTITY = "iPhone Developer";
				COPY_PHASE_STRIP = NO;
				DEBUG_INFORMATION_FORMAT = dwarf;
				ENABLE_STRICT_OBJC_MSGSEND = YES;
				ENABLE_TESTABILITY = YES;
				GCC_C_LANGUAGE_STANDARD = gnu11;
				GCC_DYNAMIC_NO_PIC = NO;
				GCC_NO_COMMON_BLOCKS = YES;
				GCC_OPTIMIZATION_LEVEL = 0;
				GCC_PREPROCESSOR_DEFINITIONS = (
					"DEBUG=1",
					"$(inherited)",
				);
				GCC_WARN_64_TO_32_BIT_CONVERSION = YES;
				GCC_WARN_ABOUT_RETURN_TYPE = YES_ERROR;
				GCC_WARN_UNDECLARED_SELECTOR = YES;
				GCC_WARN_UNINITIALIZED_AUTOS = YES_AGGRESSIVE;
				GCC_WARN_UNUSED_FUNCTION = YES;
				GCC_WARN_UNUSED_VARIABLE = YES;
				IPHONEOS_DEPLOYMENT_TARGET = 12.1;
				MTL_ENABLE_DEBUG_INFO = INCLUDE_SOURCE;
				MTL_FAST_MATH = YES;
				ONLY_ACTIVE_ARCH = YES;
				SDKROOT = iphoneos;
				SWIFT_ACTIVE_COMPILATION_CONDITIONS = DEBUG;
				SWIFT_OPTIMIZATION_LEVEL = "-Onone";
			};
			name = Debug;
		};
		352657BE21C8C48D00AFE4BA /* Release */ = {
			isa = XCBuildConfiguration;
			buildSettings = {
				ALWAYS_SEARCH_USER_PATHS = NO;
				CLANG_ANALYZER_NONNULL = YES;
				CLANG_ANALYZER_NUMBER_OBJECT_CONVERSION = YES_AGGRESSIVE;
				CLANG_CXX_LANGUAGE_STANDARD = "gnu++14";
				CLANG_CXX_LIBRARY = "libc++";
				CLANG_ENABLE_MODULES = YES;
				CLANG_ENABLE_OBJC_ARC = YES;
				CLANG_ENABLE_OBJC_WEAK = YES;
				CLANG_WARN_BLOCK_CAPTURE_AUTORELEASING = YES;
				CLANG_WARN_BOOL_CONVERSION = YES;
				CLANG_WARN_COMMA = YES;
				CLANG_WARN_CONSTANT_CONVERSION = YES;
				CLANG_WARN_DEPRECATED_OBJC_IMPLEMENTATIONS = YES;
				CLANG_WARN_DIRECT_OBJC_ISA_USAGE = YES_ERROR;
				CLANG_WARN_DOCUMENTATION_COMMENTS = YES;
				CLANG_WARN_EMPTY_BODY = YES;
				CLANG_WARN_ENUM_CONVERSION = YES;
				CLANG_WARN_INFINITE_RECURSION = YES;
				CLANG_WARN_INT_CONVERSION = YES;
				CLANG_WARN_NON_LITERAL_NULL_CONVERSION = YES;
				CLANG_WARN_OBJC_IMPLICIT_RETAIN_SELF = YES;
				CLANG_WARN_OBJC_LITERAL_CONVERSION = YES;
				CLANG_WARN_OBJC_ROOT_CLASS = YES_ERROR;
				CLANG_WARN_RANGE_LOOP_ANALYSIS = YES;
				CLANG_WARN_STRICT_PROTOTYPES = YES;
				CLANG_WARN_SUSPICIOUS_MOVE = YES;
				CLANG_WARN_UNGUARDED_AVAILABILITY = YES_AGGRESSIVE;
				CLANG_WARN_UNREACHABLE_CODE = YES;
				CLANG_WARN__DUPLICATE_METHOD_MATCH = YES;
				CODE_SIGN_IDENTITY = "iPhone Developer";
				COPY_PHASE_STRIP = NO;
				DEBUG_INFORMATION_FORMAT = "dwarf-with-dsym";
				ENABLE_NS_ASSERTIONS = NO;
				ENABLE_STRICT_OBJC_MSGSEND = YES;
				GCC_C_LANGUAGE_STANDARD = gnu11;
				GCC_NO_COMMON_BLOCKS = YES;
				GCC_WARN_64_TO_32_BIT_CONVERSION = YES;
				GCC_WARN_ABOUT_RETURN_TYPE = YES_ERROR;
				GCC_WARN_UNDECLARED_SELECTOR = YES;
				GCC_WARN_UNINITIALIZED_AUTOS = YES_AGGRESSIVE;
				GCC_WARN_UNUSED_FUNCTION = YES;
				GCC_WARN_UNUSED_VARIABLE = YES;
				IPHONEOS_DEPLOYMENT_TARGET = 12.1;
				MTL_ENABLE_DEBUG_INFO = NO;
				MTL_FAST_MATH = YES;
				SDKROOT = iphoneos;
				SWIFT_COMPILATION_MODE = wholemodule;
				SWIFT_OPTIMIZATION_LEVEL = "-O";
				VALIDATE_PRODUCT = YES;
			};
			name = Release;
		};
		352657C021C8C48D00AFE4BA /* Debug */ = {
			isa = XCBuildConfiguration;
			buildSettings = {
				ASSETCATALOG_COMPILER_APPICON_NAME = AppIcon;
				CODE_SIGN_STYLE = Automatic;
				INFOPLIST_FILE = MultipleSectionDifferentDesign/Info.plist;
				LD_RUNPATH_SEARCH_PATHS = (
					"$(inherited)",
					"@executable_path/Frameworks",
				);
				PRODUCT_BUNDLE_IDENTIFIER = com.clarion.MultipleSectionDifferentDesign;
				PRODUCT_NAME = "$(TARGET_NAME)";
				SWIFT_VERSION = 4.2;
				TARGETED_DEVICE_FAMILY = "1,2";
			};
			name = Debug;
		};
		352657C121C8C48D00AFE4BA /* Release */ = {
			isa = XCBuildConfiguration;
			buildSettings = {
				ASSETCATALOG_COMPILER_APPICON_NAME = AppIcon;
				CODE_SIGN_STYLE = Automatic;
				INFOPLIST_FILE = MultipleSectionDifferentDesign/Info.plist;
				LD_RUNPATH_SEARCH_PATHS = (
					"$(inherited)",
					"@executable_path/Frameworks",
				);
				PRODUCT_BUNDLE_IDENTIFIER = com.clarion.MultipleSectionDifferentDesign;
				PRODUCT_NAME = "$(TARGET_NAME)";
				SWIFT_VERSION = 4.2;
				TARGETED_DEVICE_FAMILY = "1,2";
			};
			name = Release;
		};
		352657C321C8C48D00AFE4BA /* Debug */ = {
			isa = XCBuildConfiguration;
			buildSettings = {
				ALWAYS_EMBED_SWIFT_STANDARD_LIBRARIES = YES;
				BUNDLE_LOADER = "$(TEST_HOST)";
				CODE_SIGN_STYLE = Automatic;
				INFOPLIST_FILE = MultipleSectionDifferentDesignTests/Info.plist;
				LD_RUNPATH_SEARCH_PATHS = (
					"$(inherited)",
					"@executable_path/Frameworks",
					"@loader_path/Frameworks",
				);
				PRODUCT_BUNDLE_IDENTIFIER = com.clarion.MultipleSectionDifferentDesignTests;
				PRODUCT_NAME = "$(TARGET_NAME)";
				SWIFT_VERSION = 4.2;
				TARGETED_DEVICE_FAMILY = "1,2";
				TEST_HOST = "$(BUILT_PRODUCTS_DIR)/MultipleSectionDifferentDesign.app/MultipleSectionDifferentDesign";
			};
			name = Debug;
		};
		352657C421C8C48D00AFE4BA /* Release */ = {
			isa = XCBuildConfiguration;
			buildSettings = {
				ALWAYS_EMBED_SWIFT_STANDARD_LIBRARIES = YES;
				BUNDLE_LOADER = "$(TEST_HOST)";
				CODE_SIGN_STYLE = Automatic;
				INFOPLIST_FILE = MultipleSectionDifferentDesignTests/Info.plist;
				LD_RUNPATH_SEARCH_PATHS = (
					"$(inherited)",
					"@executable_path/Frameworks",
					"@loader_path/Frameworks",
				);
				PRODUCT_BUNDLE_IDENTIFIER = com.clarion.MultipleSectionDifferentDesignTests;
				PRODUCT_NAME = "$(TARGET_NAME)";
				SWIFT_VERSION = 4.2;
				TARGETED_DEVICE_FAMILY = "1,2";
				TEST_HOST = "$(BUILT_PRODUCTS_DIR)/MultipleSectionDifferentDesign.app/MultipleSectionDifferentDesign";
			};
			name = Release;
		};
/* End XCBuildConfiguration section */

/* Begin XCConfigurationList section */
		3526579D21C8C48A00AFE4BA /* Build configuration list for PBXProject "MultipleSectionDifferentDesign" */ = {
			isa = XCConfigurationList;
			buildConfigurations = (
				352657BD21C8C48D00AFE4BA /* Debug */,
				352657BE21C8C48D00AFE4BA /* Release */,
			);
			defaultConfigurationIsVisible = 0;
			defaultConfigurationName = Release;
		};
		352657BF21C8C48D00AFE4BA /* Build configuration list for PBXNativeTarget "MultipleSectionDifferentDesign" */ = {
			isa = XCConfigurationList;
			buildConfigurations = (
				352657C021C8C48D00AFE4BA /* Debug */,
				352657C121C8C48D00AFE4BA /* Release */,
			);
			defaultConfigurationIsVisible = 0;
			defaultConfigurationName = Release;
		};
		352657C221C8C48D00AFE4BA /* Build configuration list for PBXNativeTarget "MultipleSectionDifferentDesignTests" */ = {
			isa = XCConfigurationList;
			buildConfigurations = (
				352657C321C8C48D00AFE4BA /* Debug */,
				352657C421C8C48D00AFE4BA /* Release */,
			);
			defaultConfigurationIsVisible = 0;
			defaultConfigurationName = Release;
		};
/* End XCConfigurationList section */
	};
	rootObject = 3526579A21C8C48A00AFE4BA /* Project object */;
}
